
Microsoft Visual Studio Solution File, Format Version 12.00
# Visual Studio Version 16
VisualStudioVersion = 16.0.28822.285
MinimumVisualStudioVersion = 10.0.40219.1
Project("{FAE04EC0-301F-11D3-BF4B-00C04F79EFBC}") = "ArrayFlattener", "ArrayFlattener\ArrayFlattener.csproj", "{ED368B14-DAA8-4BDD-80B7-A29F0B9FF3F8}"
EndProject
Global
	GlobalSection(SolutionConfigurationPlatforms) = preSolution
		Debug|Any CPU = Debug|Any CPU
		Release|Any CPU = Release|Any CPU
	EndGlobalSection
	GlobalSection(ProjectConfigurationPlatforms) = postSolution
		{ED368B14-DAA8-4BDD-80B7-A29F0B9FF3F8}.Debug|Any CPU.ActiveCfg = Debug|Any CPU
		{ED368B14-DAA8-4BDD-80B7-A29F0B9FF3F8}.Debug|Any CPU.Build.0 = Debug|Any CPU
		{ED368B14-DAA8-4BDD-80B7-A29F0B9FF3F8}.Release|Any CPU.ActiveCfg = Release|Any CPU
		{ED368B14-DAA8-4BDD-80B7-A29F0B9FF3F8}.Release|Any CPU.Build.0 = Release|Any CPU
	EndGlobalSection
	GlobalSection(SolutionProperties) = preSolution
		HideSolutionNode = FALSE
	EndGlobalSection
	GlobalSection(ExtensibilityGlobals) = postSolution
		SolutionGuid = {DBDD4803-F547-4EEA-8406-7E02EA72D1B1}
	EndGlobalSection
EndGlobal
